
Microsoft Visual Studio Solution File, Format Version 12.00
# Visual Studio 14
VisualStudioVersion = 14.0.24720.0
MinimumVisualStudioVersion = 10.0.40219.1
Project("{FAE04EC0-301F-11D3-BF4B-00C04F79EFBC}") = "SettingsChanger", "SettingsChanger\SettingsChanger.csproj", "{7D9C3288-00F5-40B2-9190-BE8A8C747A77}"
EndProject
Global
	GlobalSection(SolutionConfigurationPlatforms) = preSolution
		Debug|Any CPU = Debug|Any CPU
		Release|Any CPU = Release|Any CPU
	EndGlobalSection
	GlobalSection(ProjectConfigurationPlatforms) = postSolution
		{7D9C3288-00F5-40B2-9190-BE8A8C747A77}.Debug|Any CPU.ActiveCfg = Debug|Any CPU
		{7D9C3288-00F5-40B2-9190-BE8A8C747A77}.Debug|Any CPU.Build.0 = Debug|Any CPU
		{7D9C3288-00F5-40B2-9190-BE8A8C747A77}.Release|Any CPU.ActiveCfg = Release|Any CPU
		{7D9C3288-00F5-40B2-9190-BE8A8C747A77}.Release|Any CPU.Build.0 = Release|Any CPU
	EndGlobalSection
	GlobalSection(SolutionProperties) = preSolution
		HideSolutionNode = FALSE
	EndGlobalSection
EndGlobal
